<?xml version="1.0" encoding="utf-8"?>
<Project ToolsVersion="4.0" xmlns="http://schemas.microsoft.com/developer/msbuild/2003">
  <ItemGroup>
    <Filter Include="23">
      <UniqueIdentifier>{1cd149d1-b4de-41c9-84c2-05acf09b6ec4}</UniqueIdentifier>
    </Filter>
    <Filter Include="24">
      <UniqueIdentifier>{5ec53c0f-7183-4e90-83dd-115491325630}</UniqueIdentifier>
    </Filter>
    <Filter Include="24\2401">
      <UniqueIdentifier>{a6b61819-0c85-457a-ac00-1b214f0dfb6e}</UniqueIdentifier>
    </Filter>
    <Filter Include="24\2402">
      <UniqueIdentifier>{32dded3e-31a9-48f7-b67c-9d503d1f9058}</UniqueIdentifier>
    </Filter>
    <Filter Include="24\2403">
      <UniqueIdentifier>{19f21b2c-643e-4cec-8128-ca4e61057c37}</UniqueIdentifier>
    </Filter>
    <Filter Include="23\2311">
      <UniqueIdentifier>{e2ef74b3-000f-4e02-b539-8d73c3d8ef16}</UniqueIdentifier>
    </Filter>
    <Filter Include="23\2312">
      <UniqueIdentifier>{dded7c33-f6e9-4632-aefa-341116b2b5c6}</UniqueIdentifier>
    </Filter>
    <Filter Include="24\2404">
      <UniqueIdentifier>{c6e40ffe-4650-424e-af56-c15a7cb245ab}</UniqueIdentifier>
    </Filter>
    <Filter Include="24\2405">
      <UniqueIdentifier>{6bc10821-315e-4df0-ae2e-8c4bd159192b}</UniqueIdentifier>
    </Filter>
  </ItemGroup>
  <ItemGroup>
    <Text Include="231128.txt">
      <Filter>23\2311</Filter>
    </Text>
    <Text Include="231129.txt">
      <Filter>23\2311</Filter>
    </Text>
    <Text Include="231130.txt">
      <Filter>23\2311</Filter>
    </Text>
    <Text Include="231201.txt">
      <Filter>23\2312</Filter>
    </Text>
    <Text Include="231206.txt">
      <Filter>23\2312</Filter>
    </Text>
    <Text Include="231207.txt">
      <Filter>23\2312</Filter>
    </Text>
    <Text Include="231208.txt">
      <Filter>23\2312</Filter>
    </Text>
    <Text Include="231214.txt">
      <Filter>23\2312</Filter>
    </Text>
    <Text Include="231215.txt">
      <Filter>23\2312</Filter>
    </Text>
    <Text Include="231218.txt">
      <Filter>23\2312</Filter>
    </Text>
    <Text Include="231219.txt">
      <Filter>23\2312</Filter>
    </Text>
    <Text Include="231220.txt">
      <Filter>23\2312</Filter>
    </Text>
    <Text Include="231221.txt">
      <Filter>23\2312</Filter>
    </Text>
    <Text Include="231222.txt">
      <Filter>23\2312</Filter>
    </Text>
    <Text Include="231226.txt">
      <Filter>23\2312</Filter>
    </Text>
    <Text Include="231227.txt">
      <Filter>23\2312</Filter>
    </Text>
    <Text Include="231228.txt">
      <Filter>23\2312</Filter>
    </Text>
    <Text Include="231229.txt">
      <Filter>23\2312</Filter>
    </Text>
    <Text Include="240103.txt">
      <Filter>24\2401</Filter>
    </Text>
    <Text Include="240108.txt">
      <Filter>24\2401</Filter>
    </Text>
    <Text Include="240109.txt">
      <Filter>24\2401</Filter>
    </Text>
    <Text Include="240110.txt">
      <Filter>24\2401</Filter>
    </Text>
    <Text Include="240111.txt">
      <Filter>24\2401</Filter>
    </Text>
    <Text Include="240112.txt">
      <Filter>24\2401</Filter>
    </Text>
    <Text Include="240115.txt">
      <Filter>24\2401</Filter>
    </Text>
    <Text Include="240116.txt">
      <Filter>24\2401</Filter>
    </Text>
    <Text Include="240117.txt">
      <Filter>24\2401</Filter>
    </Text>
    <Text Include="240118.txt">
      <Filter>24\2401</Filter>
    </Text>
    <Text Include="240119.txt">
      <Filter>24\2401</Filter>
    </Text>
    <Text Include="240122.txt">
      <Filter>24\2401</Filter>
    </Text>
    <Text Include="240123.txt">
      <Filter>24\2401</Filter>
    </Text>
    <Text Include="240124.txt">
      <Filter>24\2401</Filter>
    </Text>
    <Text Include="240125.txt">
      <Filter>24\2401</Filter>
    </Text>
    <Text Include="240126.txt">
      <Filter>24\2401</Filter>
    </Text>
    <Text Include="240129.txt">
      <Filter>24\2401</Filter>
    </Text>
    <Text Include="240130.txt">
      <Filter>24\2401</Filter>
    </Text>
    <Text Include="240131.txt">
      <Filter>24\2401</Filter>
    </Text>
    <Text Include="240201.txt">
      <Filter>24\2402</Filter>
    </Text>
    <Text Include="240202.txt">
      <Filter>24\2402</Filter>
    </Text>
    <Text Include="240206.txt">
      <Filter>24\2402</Filter>
    </Text>
    <Text Include="240207.txt">
      <Filter>24\2402</Filter>
    </Text>
    <Text Include="240208.txt">
      <Filter>24\2402</Filter>
    </Text>
    <Text Include="240213.txt">
      <Filter>24\2402</Filter>
    </Text>
    <Text Include="240214.txt">
      <Filter>24\2402</Filter>
    </Text>
    <Text Include="240215.txt">
      <Filter>24\2402</Filter>
    </Text>
    <Text Include="240216.txt">
      <Filter>24\2402</Filter>
    </Text>
    <Text Include="240219.txt">
      <Filter>24\2402</Filter>
    </Text>
    <Text Include="240220.txt">
      <Filter>24\2402</Filter>
    </Text>
    <Text Include="240221.txt">
      <Filter>24\2402</Filter>
    </Text>
    <Text Include="240222.txt">
      <Filter>24\2402</Filter>
    </Text>
    <Text Include="240226.txt">
      <Filter>24\2402</Filter>
    </Text>
    <Text Include="240227.txt">
      <Filter>24\2402</Filter>
    </Text>
    <Text Include="240228.txt">
      <Filter>24\2402</Filter>
    </Text>
    <Text Include="240229.txt">
      <Filter>24\2402</Filter>
    </Text>
    <Text Include="240307.txt">
      <Filter>24\2403</Filter>
    </Text>
    <Text Include="240308.txt">
      <Filter>24\2403</Filter>
    </Text>
    <Text Include="240311.txt">
      <Filter>24\2403</Filter>
    </Text>
    <Text Include="240312.txt">
      <Filter>24\2403</Filter>
    </Text>
    <Text Include="240313.txt">
      <Filter>24\2403</Filter>
    </Text>
    <Text Include="240314.txt">
      <Filter>24\2403</Filter>
    </Text>
    <Text Include="240315.txt">
      <Filter>24\2403</Filter>
    </Text>
    <Text Include="240422.txt">
      <Filter>24\2404</Filter>
    </Text>
    <Text Include="240423.txt">
      <Filter>24\2404</Filter>
    </Text>
    <Text Include="240424.txt">
      <Filter>24\2404</Filter>
    </Text>
    <Text Include="240425.txt">
      <Filter>24\2404</Filter>
    </Text>
    <Text Include="240426.txt">
      <Filter>24\2404</Filter>
    </Text>
    <Text Include="240429.txt">
      <Filter>24\2404</Filter>
    </Text>
    <Text Include="240501.txt">
      <Filter>24\2405</Filter>
    </Text>
    <Text Include="240502.txt">
      <Filter>24\2405</Filter>
    </Text>
    <Text Include="240503.txt">
      <Filter>24\2405</Filter>
    </Text>
    <Text Include="240507.txt">
      <Filter>24\2405</Filter>
    </Text>
  </ItemGroup>
</Project>